lockfileVersion: '9.0'

settings:
  autoInstallPeers: true
  excludeLinksFromLockfile: false

importers:

  .:
    dependencies:
      prettier:
        specifier: ^3.8.1
        version: 3.8.1
      typescript:
        specifier: ^5.9.3
        version: 5.9.3
    devDependencies:
      '@faker-js/faker':
        specifier: ^10.2.0
        version: 10.3.0
      '@types/bun':
        specifier: ^1.3.8
        version: 1.3.9
      bun-types:
        specifier: latest
        version: 1.3.9

packages:

  '@faker-js/faker@10.3.0':
    resolution: {integrity: sha512-It0Sne6P3szg7JIi6CgKbvTZoMjxBZhcv91ZrqrNuaZQfB5WoqYYbzCUOq89YR+VY8juY9M1vDWmDDa2TzfXCw==}
    engines: {node: ^20.19.0 || ^22.13.0 || ^23.5.0 || >=24.0.0, npm: '>=10'}

  '@types/bun@1.3.9':
    resolution: {integrity: sha512-KQ571yULOdWJiMH+RIWIOZ7B2RXQGpL1YQrBtLIV3FqDcCu6FsbFUBwhdKUlCKUpS3PJDsHlJ1QKlpxoVR+xtw==}

  '@types/node@24.10.4':
    resolution: {integrity: sha512-vnDVpYPMzs4wunl27jHrfmwojOGKya0xyM3sH+UE5iv5uPS6vX7UIoh6m+vQc5LGBq52HBKPIn/zcSZVzeDEZg==}

  bun-types@1.3.9:
    resolution: {integrity: sha512-+UBWWOakIP4Tswh0Bt0QD0alpTY8cb5hvgiYeWCMet9YukHbzuruIEeXC2D7nMJPB12kbh8C7XJykSexEqGKJg==}

  prettier@3.8.1:
    resolution: {integrity: sha512-UOnG6LftzbdaHZcKoPFtOcCKztrQ57WkHDeRD9t/PTQtmT0NHSeWWepj6pS0z/N7+08BHFDQVUrfmfMRcZwbMg==}
    engines: {node: '>=14'}
    hasBin: true

  typescript@5.9.3:
    resolution: {integrity: sha512-jl1vZzPDinLr9eUt3J/t7V6FgNEw9QjvBPdysz9KfQDD41fQrC2Y4vKQdiaUpFT4bXlb1RHhLpp8wtm6M5TgSw==}
    engines: {node: '>=14.17'}
    hasBin: true

  undici-types@7.16.0:
    resolution: {integrity: sha512-Zz+aZWSj8LE6zoxD+xrjh4VfkIG8Ya6LvYkZqtUQGJPZjYl53ypCaUwWqo7eI0x66KBGeRo+mlBEkMSeSZ38Nw==}

snapshots:

  '@faker-js/faker@10.3.0': {}

  '@types/bun@1.3.9':
    dependencies:
      bun-types: 1.3.9

  '@types/node@24.10.4':
    dependencies:
      undici-types: 7.16.0

  bun-types@1.3.9:
    dependencies:
      '@types/node': 24.10.4

  prettier@3.8.1: {}

  typescript@5.9.3: {}

  undici-types@7.16.0: {}
